
Microsoft Visual Studio Solution File, Format Version 12.00
# Visual Studio Version 16
VisualStudioVersion = 16.0.30114.105
MinimumVisualStudioVersion = 10.0.40219.1
Project("{FAE04EC0-301F-11D3-BF4B-00C04F79EFBC}") = "EbanxChallenge.API", "EbanxChallenge.API\EbanxChallenge.API.csproj", "{5B9D319A-7578-4684-BCDA-97FA21D72AD2}"
EndProject
Project("{FAE04EC0-301F-11D3-BF4B-00C04F79EFBC}") = "EbanxChallenge.UnitTests", "EbanxChallenge.UnitTests\EbanxChallenge.UnitTests.csproj", "{1209F6EC-6660-46DA-98C0-B4D2BB8D40B9}"
EndProject
Global
	GlobalSection(SolutionConfigurationPlatforms) = preSolution
		Debug|Any CPU = Debug|Any CPU
		Release|Any CPU = Release|Any CPU
	EndGlobalSection
	GlobalSection(SolutionProperties) = preSolution
		HideSolutionNode = FALSE
	EndGlobalSection
	GlobalSection(ProjectConfigurationPlatforms) = postSolution
		{5B9D319A-7578-4684-BCDA-97FA21D72AD2}.Debug|Any CPU.ActiveCfg = Debug|Any CPU
		{5B9D319A-7578-4684-BCDA-97FA21D72AD2}.Debug|Any CPU.Build.0 = Debug|Any CPU
		{5B9D319A-7578-4684-BCDA-97FA21D72AD2}.Release|Any CPU.ActiveCfg = Release|Any CPU
		{5B9D319A-7578-4684-BCDA-97FA21D72AD2}.Release|Any CPU.Build.0 = Release|Any CPU
		{1209F6EC-6660-46DA-98C0-B4D2BB8D40B9}.Debug|Any CPU.ActiveCfg = Debug|Any CPU
		{1209F6EC-6660-46DA-98C0-B4D2BB8D40B9}.Debug|Any CPU.Build.0 = Debug|Any CPU
		{1209F6EC-6660-46DA-98C0-B4D2BB8D40B9}.Release|Any CPU.ActiveCfg = Release|Any CPU
		{1209F6EC-6660-46DA-98C0-B4D2BB8D40B9}.Release|Any CPU.Build.0 = Release|Any CPU
	EndGlobalSection
EndGlobal
